{
  "name": "LNL-FP",
  "version": "1.0.0",
  "lockfileVersion": 1,
  "requires": true,
  "dependencies": {
    "bluebird": {
      "version": "3.5.1",
      "resolved": "https://registry.npmjs.org/bluebird/-/bluebird-3.5.1.tgz",
      "integrity": "sha512-MKiLiV+I1AA596t9w1sQJ8jkiSr5+ZKi0WKrYGUn6d1Fx+Ij4tIj+m2WMQSGczs5jZVxV339chE8iwk6F64wjA=="
    },
    "concurrify": {
      "version": "1.0.3",
      "resolved": "https://registry.npmjs.org/concurrify/-/concurrify-1.0.3.tgz",
      "integrity": "sha512-JD6d0+A/M/IpkLVwv0lw3+tQmEbRgHRXoWs4A46zTa1oDZ2Y28HVWs+gwSzbxZ7+ZPlT4pj7XREI7Yt0U815sQ==",
      "requires": {
        "sanctuary-type-classes": "8.1.1",
        "sanctuary-type-identifiers": "2.0.1"
      }
    },
    "denque": {
      "version": "1.2.3",
      "resolved": "https://registry.npmjs.org/denque/-/denque-1.2.3.tgz",
      "integrity": "sha512-BOjyD1zPf7gqgXlXBCnCsz84cbRNfqpQNvWOUiw3Onu9s7a2afW2LyHzctoie/2KELfUoZkNHTnW02C3hCU20w=="
    },
    "fluture": {
      "version": "8.0.2",
      "resolved": "https://registry.npmjs.org/fluture/-/fluture-8.0.2.tgz",
      "integrity": "sha512-RqYYwq0U+/yBOU+5qHmlNK/qZVU1xwSpRqSVDTt8SXUVhdFJuxRcda/u/YHL/BhGoJ4L3ETA9Y/OuyTF4Q5rLw==",
      "requires": {
        "concurrify": "1.0.3",
        "denque": "1.2.3",
        "inspect-f": "1.2.2",
        "sanctuary-type-classes": "8.1.1",
        "sanctuary-type-identifiers": "2.0.1"
      }
    },
    "inspect-f": {
      "version": "1.2.2",
      "resolved": "https://registry.npmjs.org/inspect-f/-/inspect-f-1.2.2.tgz",
      "integrity": "sha512-kHR/iUJ670cg9QLeoEhyzp/kqzBnPvXfzl+wE72+sOPuVv1vfXBwvWIFcr8DqnNSN44SDw9U41m4HEUSam1K2A=="
    },
    "intl": {
      "version": "1.2.5",
      "resolved": "https://registry.npmjs.org/intl/-/intl-1.2.5.tgz",
      "integrity": "sha1-giRKIZDE5Bn4Nx9ao02qNCDiq94="
    },
    "ramda": {
      "version": "0.25.0",
      "resolved": "https://registry.npmjs.org/ramda/-/ramda-0.25.0.tgz",
      "integrity": "sha512-GXpfrYVPwx3K7RQ6aYT8KPS8XViSXUVJT1ONhoKPE9VAleW42YE+U+8VEyGWt41EnEQW7gwecYJriTI0pKoecQ=="
    },
    "ramda-fantasy": {
      "version": "0.8.0",
      "resolved": "https://registry.npmjs.org/ramda-fantasy/-/ramda-fantasy-0.8.0.tgz",
      "integrity": "sha1-now32T7ApweWz8EIc92cUIUDkPY=",
      "requires": {
        "ramda": "0.25.0"
      }
    },
    "sanctuary-type-classes": {
      "version": "8.1.1",
      "resolved": "https://registry.npmjs.org/sanctuary-type-classes/-/sanctuary-type-classes-8.1.1.tgz",
      "integrity": "sha512-imwUw7nB1nWMa2OOd05Lr+CqoujDnOIOZpjOFXF6mvA77zmSW1G/ReCYDOBfaQPVOP7X7j85ITP71QLNbch6WQ==",
      "requires": {
        "sanctuary-type-identifiers": "1.0.0"
      },
      "dependencies": {
        "sanctuary-type-identifiers": {
          "version": "1.0.0",
          "resolved": "https://registry.npmjs.org/sanctuary-type-identifiers/-/sanctuary-type-identifiers-1.0.0.tgz",
          "integrity": "sha1-6PNZ8AbLXmJM+4RkYD/BFGCL3p8="
        }
      }
    },
    "sanctuary-type-identifiers": {
      "version": "2.0.1",
      "resolved": "https://registry.npmjs.org/sanctuary-type-identifiers/-/sanctuary-type-identifiers-2.0.1.tgz",
      "integrity": "sha1-/FJM9t2Szr/LsN2VCe/xkxWaIO0="
    }
  }
}
